// !$*UTF8*$!
{
	archiveVersion = 1;
	classes = {
	};
	objectVersion = 56;
	objects = {

/* Begin PBXBuildFile section */
		E716631A2A5C879800282463 /* iOS_Portfolio_ProjectApp.swift in Sources */ = {isa = PBXBuildFile; fileRef = E71663192A5C879800282463 /* iOS_Portfolio_ProjectApp.swift */; };
		E716631C2A5C879800282463 /* ContentView.swift in Sources */ = {isa = PBXBuildFile; fileRef = E716631B2A5C879800282463 /* ContentView.swift */; };
		E716631E2A5C879900282463 /* Assets.xcassets in Resources */ = {isa = PBXBuildFile; fileRef = E716631D2A5C879900282463 /* Assets.xcassets */; };
		E71663212A5C879900282463 /* Preview Assets.xcassets in Resources */ = {isa = PBXBuildFile; fileRef = E71663202A5C879900282463 /* Preview Assets.xcassets */; };
		E71663302A5C914200282463 /* GamesListScreenSwiftUI.swift in Sources */ = {isa = PBXBuildFile; fileRef = E716632F2A5C914200282463 /* GamesListScreenSwiftUI.swift */; };
		E71663322A5C955800282463 /* GamesListViewController.swift in Sources */ = {isa = PBXBuildFile; fileRef = E71663312A5C955800282463 /* GamesListViewController.swift */; };
		E71663342A5CCA5C00282463 /* BrewModel.swift in Sources */ = {isa = PBXBuildFile; fileRef = E71663332A5CCA5C00282463 /* BrewModel.swift */; };
		E71663362A5CD5A000282463 /* BrewItem.swift in Sources */ = {isa = PBXBuildFile; fileRef = E71663352A5CD5A000282463 /* BrewItem.swift */; };
		E716633B2A5DEA0700282463 /* Network.swift in Sources */ = {isa = PBXBuildFile; fileRef = E716633A2A5DEA0700282463 /* Network.swift */; };
		E716633E2A5E25F200282463 /* db.xcdatamodeld in Sources */ = {isa = PBXBuildFile; fileRef = E716633C2A5E25F200282463 /* db.xcdatamodeld */; };
		E71663402A5F11A100282463 /* NotesWCoreData.swift in Sources */ = {isa = PBXBuildFile; fileRef = E716633F2A5F11A100282463 /* NotesWCoreData.swift */; };
		E71663422A5F16A000282463 /* Persistance.swift in Sources */ = {isa = PBXBuildFile; fileRef = E71663412A5F16A000282463 /* Persistance.swift */; };
/* End PBXBuildFile section */

/* Begin PBXFileReference section */
		E71663162A5C879800282463 /* iOS Portfolio Project.app */ = {isa = PBXFileReference; explicitFileType = wrapper.application; includeInIndex = 0; path = "iOS Portfolio Project.app"; sourceTree = BUILT_PRODUCTS_DIR; };
		E71663192A5C879800282463 /* iOS_Portfolio_ProjectApp.swift */ = {isa = PBXFileReference; lastKnownFileType = sourcecode.swift; path = iOS_Portfolio_ProjectApp.swift; sourceTree = "<group>"; };
		E716631B2A5C879800282463 /* ContentView.swift */ = {isa = PBXFileReference; lastKnownFileType = sourcecode.swift; path = ContentView.swift; sourceTree = "<group>"; };
		E716631D2A5C879900282463 /* Assets.xcassets */ = {isa = PBXFileReference; lastKnownFileType = folder.assetcatalog; path = Assets.xcassets; sourceTree = "<group>"; };
		E71663202A5C879900282463 /* Preview Assets.xcassets */ = {isa = PBXFileReference; lastKnownFileType = folder.assetcatalog; path = "Preview Assets.xcassets"; sourceTree = "<group>"; };
		E716632F2A5C914200282463 /* GamesListScreenSwiftUI.swift */ = {isa = PBXFileReference; lastKnownFileType = sourcecode.swift; path = GamesListScreenSwiftUI.swift; sourceTree = "<group>"; };
		E71663312A5C955800282463 /* GamesListViewController.swift */ = {isa = PBXFileReference; lastKnownFileType = sourcecode.swift; path = GamesListViewController.swift; sourceTree = "<group>"; };
		E71663332A5CCA5C00282463 /* BrewModel.swift */ = {isa = PBXFileReference; lastKnownFileType = sourcecode.swift; path = BrewModel.swift; sourceTree = "<group>"; };
		E71663352A5CD5A000282463 /* BrewItem.swift */ = {isa = PBXFileReference; lastKnownFileType = sourcecode.swift; path = BrewItem.swift; sourceTree = "<group>"; };
		E716633A2A5DEA0700282463 /* Network.swift */ = {isa = PBXFileReference; lastKnownFileType = sourcecode.swift; path = Network.swift; sourceTree = "<group>"; };
		E716633D2A5E25F200282463 /* db.xcdatamodel */ = {isa = PBXFileReference; lastKnownFileType = wrapper.xcdatamodel; path = db.xcdatamodel; sourceTree = "<group>"; };
		E716633F2A5F11A100282463 /* NotesWCoreData.swift */ = {isa = PBXFileReference; lastKnownFileType = sourcecode.swift; path = NotesWCoreData.swift; sourceTree = "<group>"; };
		E71663412A5F16A000282463 /* Persistance.swift */ = {isa = PBXFileReference; lastKnownFileType = sourcecode.swift; path = Persistance.swift; sourceTree = "<group>"; };
/* End PBXFileReference section */

/* Begin PBXFrameworksBuildPhase section */
		E71663132A5C879800282463 /* Frameworks */ = {
			isa = PBXFrameworksBuildPhase;
			buildActionMask = 2147483647;
			files = (
			);
			runOnlyForDeploymentPostprocessing = 0;
		};
/* End PBXFrameworksBuildPhase section */

/* Begin PBXGroup section */
		E716630D2A5C879800282463 = {
			isa = PBXGroup;
			children = (
				E71663182A5C879800282463 /* iOS Portfolio Project */,
				E71663172A5C879800282463 /* Products */,
			);
			sourceTree = "<group>";
		};
		E71663172A5C879800282463 /* Products */ = {
			isa = PBXGroup;
			children = (
				E71663162A5C879800282463 /* iOS Portfolio Project.app */,
			);
			name = Products;
			sourceTree = "<group>";
		};
		E71663182A5C879800282463 /* iOS Portfolio Project */ = {
			isa = PBXGroup;
			children = (
				E71663392A5CF16500282463 /* StoryboardScreen */,
				E71663382A5CF13700282463 /* Common */,
				E71663372A5CF10900282463 /* SwiftUIScreen */,
				E71663192A5C879800282463 /* iOS_Portfolio_ProjectApp.swift */,
				E716631B2A5C879800282463 /* ContentView.swift */,
				E716631D2A5C879900282463 /* Assets.xcassets */,
				E716631F2A5C879900282463 /* Preview Content */,
			);
			path = "iOS Portfolio Project";
			sourceTree = "<group>";
		};
		E716631F2A5C879900282463 /* Preview Content */ = {
			isa = PBXGroup;
			children = (
				E71663202A5C879900282463 /* Preview Assets.xcassets */,
			);
			path = "Preview Content";
			sourceTree = "<group>";
		};
		E71663372A5CF10900282463 /* SwiftUIScreen */ = {
			isa = PBXGroup;
			children = (
				E716633F2A5F11A100282463 /* NotesWCoreData.swift */,
				E71663352A5CD5A000282463 /* BrewItem.swift */,
				E716632F2A5C914200282463 /* GamesListScreenSwiftUI.swift */,
			);
			name = SwiftUIScreen;
			path = ../SwiftUIScreen;
			sourceTree = "<group>";
		};
		E71663382A5CF13700282463 /* Common */ = {
			isa = PBXGroup;
			children = (
				E716633C2A5E25F200282463 /* db.xcdatamodeld */,
				E71663332A5CCA5C00282463 /* BrewModel.swift */,
				E716633A2A5DEA0700282463 /* Network.swift */,
				E71663412A5F16A000282463 /* Persistance.swift */,
			);
			path = Common;
			sourceTree = "<group>";
		};
		E71663392A5CF16500282463 /* StoryboardScreen */ = {
			isa = PBXGroup;
			children = (
				E71663312A5C955800282463 /* GamesListViewController.swift */,
			);
			path = StoryboardScreen;
			sourceTree = "<group>";
		};
/* End PBXGroup section */

/* Begin PBXNativeTarget section */
		E71663152A5C879800282463 /* iOS Portfolio Project */ = {
			isa = PBXNativeTarget;
			buildConfigurationList = E71663242A5C879900282463 /* Build configuration list for PBXNativeTarget "iOS Portfolio Project" */;
			buildPhases = (
				E71663122A5C879800282463 /* Sources */,
				E71663132A5C879800282463 /* Frameworks */,
				E71663142A5C879800282463 /* Resources */,
			);
			buildRules = (
			);
			dependencies = (
			);
			name = "iOS Portfolio Project";
			productName = "iOS Portfolio Project";
			productReference = E71663162A5C879800282463 /* iOS Portfolio Project.app */;
			productType = "com.apple.product-type.application";
		};
/* End PBXNativeTarget section */

/* Begin PBXProject section */
		E716630E2A5C879800282463 /* Project object */ = {
			isa = PBXProject;
			attributes = {
				BuildIndependentTargetsInParallel = 1;
				LastSwiftUpdateCheck = 1430;
				LastUpgradeCheck = 1430;
				TargetAttributes = {
					E71663152A5C879800282463 = {
						CreatedOnToolsVersion = 14.3;
					};
				};
			};
			buildConfigurationList = E71663112A5C879800282463 /* Build configuration list for PBXProject "iOS Portfolio Project" */;
			compatibilityVersion = "Xcode 14.0";
			developmentRegion = en;
			hasScannedForEncodings = 0;
			knownRegions = (
				en,
				Base,
			);
			mainGroup = E716630D2A5C879800282463;
			productRefGroup = E71663172A5C879800282463 /* Products */;
			projectDirPath = "";
			projectRoot = "";
			targets = (
				E71663152A5C879800282463 /* iOS Portfolio Project */,
			);
		};
/* End PBXProject section */

/* Begin PBXResourcesBuildPhase section */
		E71663142A5C879800282463 /* Resources */ = {
			isa = PBXResourcesBuildPhase;
			buildActionMask = 2147483647;
			files = (
				E71663212A5C879900282463 /* Preview Assets.xcassets in Resources */,
				E716631E2A5C879900282463 /* Assets.xcassets in Resources */,
			);
			runOnlyForDeploymentPostprocessing = 0;
		};
/* End PBXResourcesBuildPhase section */

/* Begin PBXSourcesBuildPhase section */
		E71663122A5C879800282463 /* Sources */ = {
			isa = PBXSourcesBuildPhase;
			buildActionMask = 2147483647;
			files = (
				E71663322A5C955800282463 /* GamesListViewController.swift in Sources */,
				E716631C2A5C879800282463 /* ContentView.swift in Sources */,
				E716633B2A5DEA0700282463 /* Network.swift in Sources */,
				E71663402A5F11A100282463 /* NotesWCoreData.swift in Sources */,
				E71663362A5CD5A000282463 /* BrewItem.swift in Sources */,
				E71663422A5F16A000282463 /* Persistance.swift in Sources */,
				E71663302A5C914200282463 /* GamesListScreenSwiftUI.swift in Sources */,
				E716633E2A5E25F200282463 /* db.xcdatamodeld in Sources */,
				E71663342A5CCA5C00282463 /* BrewModel.swift in Sources */,
				E716631A2A5C879800282463 /* iOS_Portfolio_ProjectApp.swift in Sources */,
			);
			runOnlyForDeploymentPostprocessing = 0;
		};
/* End PBXSourcesBuildPhase section */

/* Begin XCBuildConfiguration section */
		E71663222A5C879900282463 /* Debug */ = {
			isa = XCBuildConfiguration;
			buildSettings = {
				ALWAYS_SEARCH_USER_PATHS = NO;
				CLANG_ANALYZER_NONNULL = YES;
				CLANG_ANALYZER_NUMBER_OBJECT_CONVERSION = YES_AGGRESSIVE;
				CLANG_CXX_LANGUAGE_STANDARD = "gnu++20";
				CLANG_ENABLE_MODULES = YES;
				CLANG_ENABLE_OBJC_ARC = YES;
				CLANG_ENABLE_OBJC_WEAK = YES;
				CLANG_WARN_BLOCK_CAPTURE_AUTORELEASING = YES;
				CLANG_WARN_BOOL_CONVERSION = YES;
				CLANG_WARN_COMMA = YES;
				CLANG_WARN_CONSTANT_CONVERSION = YES;
				CLANG_WARN_DEPRECATED_OBJC_IMPLEMENTATIONS = YES;
				CLANG_WARN_DIRECT_OBJC_ISA_USAGE = YES_ERROR;
				CLANG_WARN_DOCUMENTATION_COMMENTS = YES;
				CLANG_WARN_EMPTY_BODY = YES;
				CLANG_WARN_ENUM_CONVERSION = YES;
				CLANG_WARN_INFINITE_RECURSION = YES;
				CLANG_WARN_INT_CONVERSION = YES;
				CLANG_WARN_NON_LITERAL_NULL_CONVERSION = YES;
				CLANG_WARN_OBJC_IMPLICIT_RETAIN_SELF = YES;
				CLANG_WARN_OBJC_LITERAL_CONVERSION = YES;
				CLANG_WARN_OBJC_ROOT_CLASS = YES_ERROR;
				CLANG_WARN_QUOTED_INCLUDE_IN_FRAMEWORK_HEADER = YES;
				CLANG_WARN_RANGE_LOOP_ANALYSIS = YES;
				CLANG_WARN_STRICT_PROTOTYPES = YES;
				CLANG_WARN_SUSPICIOUS_MOVE = YES;
				CLANG_WARN_UNGUARDED_AVAILABILITY = YES_AGGRESSIVE;
				CLANG_WARN_UNREACHABLE_CODE = YES;
				CLANG_WARN__DUPLICATE_METHOD_MATCH = YES;
				COPY_PHASE_STRIP = NO;
				DEBUG_INFORMATION_FORMAT = dwarf;
				ENABLE_STRICT_OBJC_MSGSEND = YES;
				ENABLE_TESTABILITY = YES;
				GCC_C_LANGUAGE_STANDARD = gnu11;
				GCC_DYNAMIC_NO_PIC = NO;
				GCC_NO_COMMON_BLOCKS = YES;
				GCC_OPTIMIZATION_LEVEL = 0;
				GCC_PREPROCESSOR_DEFINITIONS = (
					"DEBUG=1",
					"$(inherited)",
				);
				GCC_WARN_64_TO_32_BIT_CONVERSION = YES;
				GCC_WARN_ABOUT_RETURN_TYPE = YES_ERROR;
				GCC_WARN_UNDECLARED_SELECTOR = YES;
				GCC_WARN_UNINITIALIZED_AUTOS = YES_AGGRESSIVE;
				GCC_WARN_UNUSED_FUNCTION = YES;
				GCC_WARN_UNUSED_VARIABLE = YES;
				IPHONEOS_DEPLOYMENT_TARGET = 16.4;
				MTL_ENABLE_DEBUG_INFO = INCLUDE_SOURCE;
				MTL_FAST_MATH = YES;
				ONLY_ACTIVE_ARCH = YES;
				SDKROOT = iphoneos;
				SWIFT_ACTIVE_COMPILATION_CONDITIONS = DEBUG;
				SWIFT_OPTIMIZATION_LEVEL = "-Onone";
			};
			name = Debug;
		};
		E71663232A5C879900282463 /* Release */ = {
			isa = XCBuildConfiguration;
			buildSettings = {
				ALWAYS_SEARCH_USER_PATHS = NO;
				CLANG_ANALYZER_NONNULL = YES;
				CLANG_ANALYZER_NUMBER_OBJECT_CONVERSION = YES_AGGRESSIVE;
				CLANG_CXX_LANGUAGE_STANDARD = "gnu++20";
				CLANG_ENABLE_MODULES = YES;
				CLANG_ENABLE_OBJC_ARC = YES;
				CLANG_ENABLE_OBJC_WEAK = YES;
				CLANG_WARN_BLOCK_CAPTURE_AUTORELEASING = YES;
				CLANG_WARN_BOOL_CONVERSION = YES;
				CLANG_WARN_COMMA = YES;
				CLANG_WARN_CONSTANT_CONVERSION = YES;
				CLANG_WARN_DEPRECATED_OBJC_IMPLEMENTATIONS = YES;
				CLANG_WARN_DIRECT_OBJC_ISA_USAGE = YES_ERROR;
				CLANG_WARN_DOCUMENTATION_COMMENTS = YES;
				CLANG_WARN_EMPTY_BODY = YES;
				CLANG_WARN_ENUM_CONVERSION = YES;
				CLANG_WARN_INFINITE_RECURSION = YES;
				CLANG_WARN_INT_CONVERSION = YES;
				CLANG_WARN_NON_LITERAL_NULL_CONVERSION = YES;
				CLANG_WARN_OBJC_IMPLICIT_RETAIN_SELF = YES;
				CLANG_WARN_OBJC_LITERAL_CONVERSION = YES;
				CLANG_WARN_OBJC_ROOT_CLASS = YES_ERROR;
				CLANG_WARN_QUOTED_INCLUDE_IN_FRAMEWORK_HEADER = YES;
				CLANG_WARN_RANGE_LOOP_ANALYSIS = YES;
				CLANG_WARN_STRICT_PROTOTYPES = YES;
				CLANG_WARN_SUSPICIOUS_MOVE = YES;
				CLANG_WARN_UNGUARDED_AVAILABILITY = YES_AGGRESSIVE;
				CLANG_WARN_UNREACHABLE_CODE = YES;
				CLANG_WARN__DUPLICATE_METHOD_MATCH = YES;
				COPY_PHASE_STRIP = NO;
				DEBUG_INFORMATION_FORMAT = "dwarf-with-dsym";
				ENABLE_NS_ASSERTIONS = NO;
				ENABLE_STRICT_OBJC_MSGSEND = YES;
				GCC_C_LANGUAGE_STANDARD = gnu11;
				GCC_NO_COMMON_BLOCKS = YES;
				GCC_WARN_64_TO_32_BIT_CONVERSION = YES;
				GCC_WARN_ABOUT_RETURN_TYPE = YES_ERROR;
				GCC_WARN_UNDECLARED_SELECTOR = YES;
				GCC_WARN_UNINITIALIZED_AUTOS = YES_AGGRESSIVE;
				GCC_WARN_UNUSED_FUNCTION = YES;
				GCC_WARN_UNUSED_VARIABLE = YES;
				IPHONEOS_DEPLOYMENT_TARGET = 16.4;
				MTL_ENABLE_DEBUG_INFO = NO;
				MTL_FAST_MATH = YES;
				SDKROOT = iphoneos;
				SWIFT_COMPILATION_MODE = wholemodule;
				SWIFT_OPTIMIZATION_LEVEL = "-O";
				VALIDATE_PRODUCT = YES;
			};
			name = Release;
		};
		E71663252A5C879900282463 /* Debug */ = {
			isa = XCBuildConfiguration;
			buildSettings = {
				ASSETCATALOG_COMPILER_APPICON_NAME = AppIcon;
				ASSETCATALOG_COMPILER_GLOBAL_ACCENT_COLOR_NAME = AccentColor;
				CODE_SIGN_STYLE = Automatic;
				CURRENT_PROJECT_VERSION = 1;
				DEVELOPMENT_ASSET_PATHS = "\"iOS Portfolio Project/Preview Content\"";
				ENABLE_PREVIEWS = YES;
				GENERATE_INFOPLIST_FILE = YES;
				INFOPLIST_KEY_UIApplicationSceneManifest_Generation = YES;
				INFOPLIST_KEY_UIApplicationSupportsIndirectInputEvents = YES;
				INFOPLIST_KEY_UILaunchScreen_Generation = YES;
				INFOPLIST_KEY_UISupportedInterfaceOrientations_iPad = "UIInterfaceOrientationPortrait UIInterfaceOrientationPortraitUpsideDown UIInterfaceOrientationLandscapeLeft UIInterfaceOrientationLandscapeRight";
				INFOPLIST_KEY_UISupportedInterfaceOrientations_iPhone = "UIInterfaceOrientationPortrait UIInterfaceOrientationLandscapeLeft UIInterfaceOrientationLandscapeRight";
				LD_RUNPATH_SEARCH_PATHS = (
					"$(inherited)",
					"@executable_path/Frameworks",
				);
				MARKETING_VERSION = 1.0;
				PRODUCT_BUNDLE_IDENTIFIER = "com.apple.test.iOS-Portfolio-Project";
				PRODUCT_NAME = "$(TARGET_NAME)";
				SWIFT_EMIT_LOC_STRINGS = YES;
				SWIFT_VERSION = 5.0;
				TARGETED_DEVICE_FAMILY = "1,2";
			};
			name = Debug;
		};
		E71663262A5C879900282463 /* Release */ = {
			isa = XCBuildConfiguration;
			buildSettings = {
				ASSETCATALOG_COMPILER_APPICON_NAME = AppIcon;
				ASSETCATALOG_COMPILER_GLOBAL_ACCENT_COLOR_NAME = AccentColor;
				CODE_SIGN_STYLE = Automatic;
				CURRENT_PROJECT_VERSION = 1;
				DEVELOPMENT_ASSET_PATHS = "\"iOS Portfolio Project/Preview Content\"";
				ENABLE_PREVIEWS = YES;
				GENERATE_INFOPLIST_FILE = YES;
				INFOPLIST_KEY_UIApplicationSceneManifest_Generation = YES;
				INFOPLIST_KEY_UIApplicationSupportsIndirectInputEvents = YES;
				INFOPLIST_KEY_UILaunchScreen_Generation = YES;
				INFOPLIST_KEY_UISupportedInterfaceOrientations_iPad = "UIInterfaceOrientationPortrait UIInterfaceOrientationPortraitUpsideDown UIInterfaceOrientationLandscapeLeft UIInterfaceOrientationLandscapeRight";
				INFOPLIST_KEY_UISupportedInterfaceOrientations_iPhone = "UIInterfaceOrientationPortrait UIInterfaceOrientationLandscapeLeft UIInterfaceOrientationLandscapeRight";
				LD_RUNPATH_SEARCH_PATHS = (
					"$(inherited)",
					"@executable_path/Frameworks",
				);
				MARKETING_VERSION = 1.0;
				PRODUCT_BUNDLE_IDENTIFIER = "com.apple.test.iOS-Portfolio-Project";
				PRODUCT_NAME = "$(TARGET_NAME)";
				SWIFT_EMIT_LOC_STRINGS = YES;
				SWIFT_VERSION = 5.0;
				TARGETED_DEVICE_FAMILY = "1,2";
			};
			name = Release;
		};
/* End XCBuildConfiguration section */

/* Begin XCConfigurationList section */
		E71663112A5C879800282463 /* Build configuration list for PBXProject "iOS Portfolio Project" */ = {
			isa = XCConfigurationList;
			buildConfigurations = (
				E71663222A5C879900282463 /* Debug */,
				E71663232A5C879900282463 /* Release */,
			);
			defaultConfigurationIsVisible = 0;
			defaultConfigurationName = Release;
		};
		E71663242A5C879900282463 /* Build configuration list for PBXNativeTarget "iOS Portfolio Project" */ = {
			isa = XCConfigurationList;
			buildConfigurations = (
				E71663252A5C879900282463 /* Debug */,
				E71663262A5C879900282463 /* Release */,
			);
			defaultConfigurationIsVisible = 0;
			defaultConfigurationName = Release;
		};
/* End XCConfigurationList section */

/* Begin XCVersionGroup section */
		E716633C2A5E25F200282463 /* db.xcdatamodeld */ = {
			isa = XCVersionGroup;
			children = (
				E716633D2A5E25F200282463 /* db.xcdatamodel */,
			);
			currentVersion = E716633D2A5E25F200282463 /* db.xcdatamodel */;
			path = db.xcdatamodeld;
			sourceTree = "<group>";
			versionGroupType = wrapper.xcdatamodel;
		};
/* End XCVersionGroup section */
	};
	rootObject = E716630E2A5C879800282463 /* Project object */;
}
